
Microsoft Visual Studio Solution File, Format Version 12.00
# Visual Studio Version 17
VisualStudioVersion = 17.8.34330.188
MinimumVisualStudioVersion = 10.0.40219.1
Project("{9A19103F-16F7-4668-BE54-9A1E7A4F7556}") = "Day04", "..\Day04\Day04.csproj", "{BA023714-5ACB-46C5-8E06-98CA6908EEED}"
EndProject
Project("{9A19103F-16F7-4668-BE54-9A1E7A4F7556}") = "Day03", "..\Day03\Day03.csproj", "{64C25912-4507-4CF3-B29B-857563A000B8}"
EndProject
Project("{9A19103F-16F7-4668-BE54-9A1E7A4F7556}") = "Day01", "Day01\Day01.csproj", "{C0E83DA7-4FB2-4C72-9F95-31A327267212}"
EndProject
Project("{9A19103F-16F7-4668-BE54-9A1E7A4F7556}") = "Day02", "Day02\Day02.csproj", "{A15B4CE8-34BD-4F7C-AFB4-B0300A217882}"
EndProject
Project("{9A19103F-16F7-4668-BE54-9A1E7A4F7556}") = "Day05", "Day05\Day05.csproj", "{A44ABD18-8BDF-4470-9526-D9C70C1DFCBC}"
EndProject
Project("{9A19103F-16F7-4668-BE54-9A1E7A4F7556}") = "Day06", "Day06\Day06.csproj", "{BBBACE05-928C-4316-9CFD-7879D0CB909B}"
EndProject
Project("{2150E333-8FDC-42A3-9474-1A3956D46DE8}") = "WeeklyTest", "WeeklyTest", "{29A1AC26-DE1C-4912-83CE-550068952ECE}"
EndProject
Project("{FAE04EC0-301F-11D3-BF4B-00C04F79EFBC}") = "WeeklyTestDapperDbContext", "WeeklyTestDapperDbContext\WeeklyTestDapperDbContext.csproj", "{2CC7CD09-A252-463C-AAC8-DB6AF15BE151}"
EndProject
Global
	GlobalSection(SolutionConfigurationPlatforms) = preSolution
		Debug|Any CPU = Debug|Any CPU
		Release|Any CPU = Release|Any CPU
	EndGlobalSection
	GlobalSection(ProjectConfigurationPlatforms) = postSolution
		{BA023714-5ACB-46C5-8E06-98CA6908EEED}.Debug|Any CPU.ActiveCfg = Debug|Any CPU
		{BA023714-5ACB-46C5-8E06-98CA6908EEED}.Debug|Any CPU.Build.0 = Debug|Any CPU
		{BA023714-5ACB-46C5-8E06-98CA6908EEED}.Release|Any CPU.ActiveCfg = Release|Any CPU
		{BA023714-5ACB-46C5-8E06-98CA6908EEED}.Release|Any CPU.Build.0 = Release|Any CPU
		{64C25912-4507-4CF3-B29B-857563A000B8}.Debug|Any CPU.ActiveCfg = Debug|Any CPU
		{64C25912-4507-4CF3-B29B-857563A000B8}.Debug|Any CPU.Build.0 = Debug|Any CPU
		{64C25912-4507-4CF3-B29B-857563A000B8}.Release|Any CPU.ActiveCfg = Release|Any CPU
		{64C25912-4507-4CF3-B29B-857563A000B8}.Release|Any CPU.Build.0 = Release|Any CPU
		{C0E83DA7-4FB2-4C72-9F95-31A327267212}.Debug|Any CPU.ActiveCfg = Debug|Any CPU
		{C0E83DA7-4FB2-4C72-9F95-31A327267212}.Debug|Any CPU.Build.0 = Debug|Any CPU
		{C0E83DA7-4FB2-4C72-9F95-31A327267212}.Release|Any CPU.ActiveCfg = Release|Any CPU
		{C0E83DA7-4FB2-4C72-9F95-31A327267212}.Release|Any CPU.Build.0 = Release|Any CPU
		{A15B4CE8-34BD-4F7C-AFB4-B0300A217882}.Debug|Any CPU.ActiveCfg = Debug|Any CPU
		{A15B4CE8-34BD-4F7C-AFB4-B0300A217882}.Debug|Any CPU.Build.0 = Debug|Any CPU
		{A15B4CE8-34BD-4F7C-AFB4-B0300A217882}.Release|Any CPU.ActiveCfg = Release|Any CPU
		{A15B4CE8-34BD-4F7C-AFB4-B0300A217882}.Release|Any CPU.Build.0 = Release|Any CPU
		{A44ABD18-8BDF-4470-9526-D9C70C1DFCBC}.Debug|Any CPU.ActiveCfg = Debug|Any CPU
		{A44ABD18-8BDF-4470-9526-D9C70C1DFCBC}.Debug|Any CPU.Build.0 = Debug|Any CPU
		{A44ABD18-8BDF-4470-9526-D9C70C1DFCBC}.Release|Any CPU.ActiveCfg = Release|Any CPU
		{A44ABD18-8BDF-4470-9526-D9C70C1DFCBC}.Release|Any CPU.Build.0 = Release|Any CPU
		{BBBACE05-928C-4316-9CFD-7879D0CB909B}.Debug|Any CPU.ActiveCfg = Debug|Any CPU
		{BBBACE05-928C-4316-9CFD-7879D0CB909B}.Debug|Any CPU.Build.0 = Debug|Any CPU
		{BBBACE05-928C-4316-9CFD-7879D0CB909B}.Release|Any CPU.ActiveCfg = Release|Any CPU
		{BBBACE05-928C-4316-9CFD-7879D0CB909B}.Release|Any CPU.Build.0 = Release|Any CPU
		{2CC7CD09-A252-463C-AAC8-DB6AF15BE151}.Debug|Any CPU.ActiveCfg = Debug|Any CPU
		{2CC7CD09-A252-463C-AAC8-DB6AF15BE151}.Debug|Any CPU.Build.0 = Debug|Any CPU
		{2CC7CD09-A252-463C-AAC8-DB6AF15BE151}.Release|Any CPU.ActiveCfg = Release|Any CPU
		{2CC7CD09-A252-463C-AAC8-DB6AF15BE151}.Release|Any CPU.Build.0 = Release|Any CPU
	EndGlobalSection
	GlobalSection(SolutionProperties) = preSolution
		HideSolutionNode = FALSE
	EndGlobalSection
	GlobalSection(NestedProjects) = preSolution
		{2CC7CD09-A252-463C-AAC8-DB6AF15BE151} = {29A1AC26-DE1C-4912-83CE-550068952ECE}
	EndGlobalSection
	GlobalSection(ExtensibilityGlobals) = postSolution
		SolutionGuid = {021B8C57-28FA-4E3F-8186-686778089AF0}
	EndGlobalSection
EndGlobal
